Microsoft Visual Studio Solution File, Format Version 12.00
# Visual Studio Version 17
VisualStudioVersion = 17.5.2.0
MinimumVisualStudioVersion = 10.0.40219.1
Project("{FAE04EC0-301F-11D3-BF4B-00C04F79EFBC}") = "GetYourAssToMars", "GetYourAssToMars\GetYourAssToMars.csproj", "{764EA210-1A8F-52A8-6A3A-E5D3772A6F8B}"
EndProject
Global
	GlobalSection(SolutionConfigurationPlatforms) = preSolution
		Debug|Any CPU = Debug|Any CPU
		Release|Any CPU = Release|Any CPU
	EndGlobalSection
	GlobalSection(ProjectConfigurationPlatforms) = postSolution
		{764EA210-1A8F-52A8-6A3A-E5D3772A6F8B}.Debug|Any CPU.ActiveCfg = Debug|Any CPU
		{764EA210-1A8F-52A8-6A3A-E5D3772A6F8B}.Debug|Any CPU.Build.0 = Debug|Any CPU
		{764EA210-1A8F-52A8-6A3A-E5D3772A6F8B}.Release|Any CPU.ActiveCfg = Release|Any CPU
		{764EA210-1A8F-52A8-6A3A-E5D3772A6F8B}.Release|Any CPU.Build.0 = Release|Any CPU
	EndGlobalSection
	GlobalSection(SolutionProperties) = preSolution
		HideSolutionNode = FALSE
	EndGlobalSection
	GlobalSection(ExtensibilityGlobals) = postSolution
		SolutionGuid = {A2A3DBF9-F61C-46F4-99B9-1FB146CD6D1F}
	EndGlobalSection
EndGlobal
